<?xml version="1.0" encoding="utf-8"?>
<Project ToolsVersion="4.0" xmlns="http://schemas.microsoft.com/developer/msbuild/2003">
  <ItemGroup>
    <ClCompile Include="Server.cpp" />
    <ClCompile Include="server_main.cpp" />
    <ClCompile Include="proto_game.pb.cc" />
  </ItemGroup>
  <ItemGroup>
    <ClInclude Include="Common.h" />
    <ClInclude Include="Server.h" />
    <ClInclude Include="proto_game.pb.h" />
  </ItemGroup>
</Project>